// !$*UTF8*$!
{
	archiveVersion = 1;
	classes = {
	};
	objectVersion = 77;
	objects = {

/* Begin PBXBuildFile section */
		125EF445DFE578514E91705D /* LoginView.swift in Sources */ = {isa = PBXBuildFile; fileRef = 2007CD601C653012EF90181D /* LoginView.swift */; };
		13008AE6CEDEC4B9E144A104 /* AuthViewModel.swift in Sources */ = {isa = PBXBuildFile; fileRef = 63B3A56DD3C10BC02363E7CB /* AuthViewModel.swift */; };
		2FD62F80C032B8D3D48252BF /* CreateTransactionView.swift in Sources */ = {isa = PBXBuildFile; fileRef = DF8FE48C599A5D8A0D907D43 /* CreateTransactionView.swift */; };
		30A8FAC342D14F487FDF4356 /* SplitsView.swift in Sources */ = {isa = PBXBuildFile; fileRef = BD8EF9B743B8A1096CFDA737 /* SplitsView.swift */; };
		30D5CDDB1869D8FDF140F80B /* InvestmentsViewModel.swift in Sources */ = {isa = PBXBuildFile; fileRef = 3798E16CDCFD2A7C67011126 /* InvestmentsViewModel.swift */; };
		378622C3623360E02566D446 /* SanvyaApp.swift in Sources */ = {isa = PBXBuildFile; fileRef = D2507A731807C3DE0BB2A96F /* SanvyaApp.swift */; };
		3B2866B4A6AA1A8D848ABF3C /* NavModels.swift in Sources */ = {isa = PBXBuildFile; fileRef = 79B2F762AF3408CD96CD08DA /* NavModels.swift */; };
		495FC9FCA04C07EB4DA26D53 /* PlaceholderViews.swift in Sources */ = {isa = PBXBuildFile; fileRef = F51A1356F73B430AF93D5037 /* PlaceholderViews.swift */; };
		4C9FB3E27B300B811C937824 /* CreditCardsViewModel.swift in Sources */ = {isa = PBXBuildFile; fileRef = B7B68564BB9C98C1EE594700 /* CreditCardsViewModel.swift */; };
		53D282CA93AE2D750025C47B /* DashboardViewModel.swift in Sources */ = {isa = PBXBuildFile; fileRef = C91402E05D0AE54DC02C610E /* DashboardViewModel.swift */; };
		57DF778718C309BC2737ED0F /* BudgetsView.swift in Sources */ = {isa = PBXBuildFile; fileRef = F63B6C7C220E22D088E42229 /* BudgetsView.swift */; };
		5AAF2A31723A4D5E740B85A4 /* PayViaUpiSheet.swift in Sources */ = {isa = PBXBuildFile; fileRef = 2B9AAA266E26DEE783779B7B /* PayViaUpiSheet.swift */; };
		6112034FAFE5904EA5115520 /* InsightsViewModel.swift in Sources */ = {isa = PBXBuildFile; fileRef = 3925D6D56F247855D435CD0C /* InsightsViewModel.swift */; };
		6DDDC54822A1B201DBB69FFA /* GoalsView.swift in Sources */ = {isa = PBXBuildFile; fileRef = EF72024A2E1298FD8A2DC9F5 /* GoalsView.swift */; };
		6F2F5498BC3A3D21938CDA49 /* ReceiptScanView.swift in Sources */ = {isa = PBXBuildFile; fileRef = 17DDFE33B2A588AC0FDBB1C9 /* ReceiptScanView.swift */; };
		7115065DCB56CCB54B9A194C /* CreateGroupView.swift in Sources */ = {isa = PBXBuildFile; fileRef = ED0D59D3F7F09392C52ECBCC /* CreateGroupView.swift */; };
		7C622C0387F11D5EABDFE285 /* DashboardView.swift in Sources */ = {isa = PBXBuildFile; fileRef = 18224B5D20B900B074B57D8B /* DashboardView.swift */; };
		7CDA131334CBFA7388A583BF /* CreditCardsView.swift in Sources */ = {isa = PBXBuildFile; fileRef = 9AF03F3005C2859DAC8D4803 /* CreditCardsView.swift */; };
		7FAF2FEE09CB2B07A67F6A63 /* DrawerMenuView.swift in Sources */ = {isa = PBXBuildFile; fileRef = 95C904EBD72A17B6A646D283 /* DrawerMenuView.swift */; };
		83AB598D70571985AD65F5BA /* CreateGoalView.swift in Sources */ = {isa = PBXBuildFile; fileRef = 8BAEBEADA6F277F50CA3FFA9 /* CreateGoalView.swift */; };
		85521EB94D4AF08AE8E7E970 /* PocketComponents.swift in Sources */ = {isa = PBXBuildFile; fileRef = 06FA4324A0BBEBCC262285E9 /* PocketComponents.swift */; };
		86859E224E519736828E4923 /* Data in Frameworks */ = {isa = PBXBuildFile; productRef = 44164709C727F8A49D1C5D14 /* Data */; };
		8B74B3345CDA5FCA46E3BE18 /* TransactionsViewModel.swift in Sources */ = {isa = PBXBuildFile; fileRef = D297DDA0E17C04F845BDF20D /* TransactionsViewModel.swift */; };
		9159B4204F2293A06349F22A /* LoansViewModel.swift in Sources */ = {isa = PBXBuildFile; fileRef = 7ECBBB8B29E0FB71E5C6B2B7 /* LoansViewModel.swift */; };
		92C8CD9106A12A0A58828E86 /* Theme.swift in Sources */ = {isa = PBXBuildFile; fileRef = 30A8AFFD11475A29D19612ED /* Theme.swift */; };
		93807D6AD8D4878E1E56A0DE /* GoalsViewModel.swift in Sources */ = {isa = PBXBuildFile; fileRef = 90BA57C3B649E1E876D3D892 /* GoalsViewModel.swift */; };
		98549E3078EBFD48B40180A3 /* SplitsViewModel.swift in Sources */ = {isa = PBXBuildFile; fileRef = E23B5B611431A99EE080D739 /* SplitsViewModel.swift */; };
		9A6CB3340B4E846655B0FFF5 /* StatementsView.swift in Sources */ = {isa = PBXBuildFile; fileRef = 97A0CCFF323017A4F6F251CB /* StatementsView.swift */; };
		9CD5DB1010504C904AC2D74D /* Domain in Frameworks */ = {isa = PBXBuildFile; productRef = CE17BFC806BF2E37894779BA /* Domain */; };
		9F5482EBFE2794C08BCB6F62 /* InvestmentsView.swift in Sources */ = {isa = PBXBuildFile; fileRef = A76D85FFF529896EDB5EAE57 /* InvestmentsView.swift */; };
		266E95C5981990EA5EAABDFB /* AddHoldingView.swift in Sources */ = {isa = PBXBuildFile; fileRef = 044841749A5D243390B2ACA8 /* AddHoldingView.swift */; };
		A21C0BABF7B08BF4B5D50E12 /* MainTabView.swift in Sources */ = {isa = PBXBuildFile; fileRef = 4FEB87EED1AD674B697784C4 /* MainTabView.swift */; };
		A76E503A6CD81070F114F655 /* AppTests.swift in Sources */ = {isa = PBXBuildFile; fileRef = B906CF274F8B2527E5F4A51A /* AppTests.swift */; };
		A7A15245AD2081AAF09B2B41 /* AppModule.swift in Sources */ = {isa = PBXBuildFile; fileRef = E37DD678765D9BB5AFF503CA /* AppModule.swift */; };
		AA252E44D54F7A8E67DBF8D4 /* SettingsView.swift in Sources */ = {isa = PBXBuildFile; fileRef = D78D8CF43707874261885A06 /* SettingsView.swift */; };
		B53161FC6FFDF4D4E2EA74E3 /* Assets.xcassets in Resources */ = {isa = PBXBuildFile; fileRef = C7813DD3B4C0633E4D062C46 /* Assets.xcassets */; };
		B77ED67E4770B381E78C89AF /* CreateAccountView.swift in Sources */ = {isa = PBXBuildFile; fileRef = 30870828D51BB1351454B58B /* CreateAccountView.swift */; };
		BC087C8C0F95352DF38B9DB1 /* TransactionsView.swift in Sources */ = {isa = PBXBuildFile; fileRef = 062CBEBDAC65EC3CA9881DBD /* TransactionsView.swift */; };
		C5653C5AA20568A6DF5C4ACC /* AccountsViewModel.swift in Sources */ = {isa = PBXBuildFile; fileRef = 067BB86E9951547F48988754 /* AccountsViewModel.swift */; };
		CF6AAF8ED5331C186F37F61C /* InsightsView.swift in Sources */ = {isa = PBXBuildFile; fileRef = C9D7AE1214A8F14892C18B14 /* InsightsView.swift */; };
		D115AE697C58F56401CAEB05 /* ContentView.swift in Sources */ = {isa = PBXBuildFile; fileRef = 63B9A54B7924069305063F50 /* ContentView.swift */; };
		D3078D7F87CCDDA82588D828 /* AssistantView.swift in Sources */ = {isa = PBXBuildFile; fileRef = 18CB0D6157DA1B9D29DC547C /* AssistantView.swift */; };
		D9BDBB714DE26C5F90685BFC /* LoansView.swift in Sources */ = {isa = PBXBuildFile; fileRef = B3E9F8A6320B3216BC615990 /* LoansView.swift */; };
		DABE396F86C623EE4D5FB07D /* Factory in Frameworks */ = {isa = PBXBuildFile; productRef = 01A4726DC5F8D4D919E57891 /* Factory */; };
		DE33ABA60A8190121A6000FF /* StatementImportView.swift in Sources */ = {isa = PBXBuildFile; fileRef = 56BA249AF961BB8473C040E1 /* StatementImportView.swift */; };
		DF5C8B315FADB872E842E22F /* BudgetsViewModel.swift in Sources */ = {isa = PBXBuildFile; fileRef = 5EE73731F43CF8294191BB96 /* BudgetsViewModel.swift */; };
		E8950435C01E999B46AEDB5C /* CreateBudgetView.swift in Sources */ = {isa = PBXBuildFile; fileRef = 87C1A337B346253B7A08CAD2 /* CreateBudgetView.swift */; };
		EB8F49FF946E92A9F09E176A /* WalkthroughView.swift in Sources */ = {isa = PBXBuildFile; fileRef = 761309FD0C94D51552CF85E2 /* WalkthroughView.swift */; };
		ED6ED1E0046074BFAD582A97 /* AccountsView.swift in Sources */ = {isa = PBXBuildFile; fileRef = 5612F1855C5F2C61D673572A /* AccountsView.swift */; };
		FB224FFA5BD16B304B1B1D9A /* Domain in Frameworks */ = {isa = PBXBuildFile; productRef = 9138ACF8BE54F9A6FC35B148 /* Domain */; };
		109A9899ABCA65A8307D0D37 /* AccountColors.swift in Sources */ = {isa = PBXBuildFile; fileRef = 9E2ACF1D4DF98E48DE1A5DD1 /* AccountColors.swift */; };
		B30D0AB1106A1FA2AE9C4EBF /* AccountFormComponents.swift in Sources */ = {isa = PBXBuildFile; fileRef = AE1F6B1E170607B6E7C6BF9F /* AccountFormComponents.swift */; };
		57C3C5B7561313E566F3C57F /* AppDelegate.swift in Sources */ = {isa = PBXBuildFile; fileRef = ADFE473B99F740B1E93E0080 /* AppDelegate.swift */; };
		BD58672692694F0CF9E51C30 /* EditAccountView.swift in Sources */ = {isa = PBXBuildFile; fileRef = 9B5948EF4210BBA10FC6D733 /* EditAccountView.swift */; };
		49D543415A1A173FDD83E97F /* EditTransactionView.swift in Sources */ = {isa = PBXBuildFile; fileRef = 924E79E700998A20CB08B376 /* EditTransactionView.swift */; };
		0A3DB1A473A5D731EEEF94F8 /* TransactionFormComponents.swift in Sources */ = {isa = PBXBuildFile; fileRef = 4AC74757DE964A01BA3A7153 /* TransactionFormComponents.swift */; };
		8E24F6FDF998742BB321A30D /* TransactionTileLogic.swift in Sources */ = {isa = PBXBuildFile; fileRef = AB1E30B6D68F193D212BA468 /* TransactionTileLogic.swift */; };
		3D43536547B03F6DE7C2491D /* EditBudgetView.swift in Sources */ = {isa = PBXBuildFile; fileRef = D7C7DE5147E3E96E0FD7F185 /* EditBudgetView.swift */; };
		A302D6D8D2A10439B1885A72 /* EditGoalView.swift in Sources */ = {isa = PBXBuildFile; fileRef = 506D6E8D4AD3660DAA95A8E3 /* EditGoalView.swift */; };
		3D4DC81333420B84D3C2AFC4 /* AllocateGoalView.swift in Sources */ = {isa = PBXBuildFile; fileRef = 76D1AE06611EC9B61087AE0F /* AllocateGoalView.swift */; };
/* End PBXBuildFile section */

/* Begin PBXContainerItemProxy section */
		2331710DF9A06C52F903BCFC /* PBXContainerItemProxy */ = {
			isa = PBXContainerItemProxy;
			containerPortal = FEE1787512FC170DB535D354 /* Project object */;
			proxyType = 1;
			remoteGlobalIDString = 16A042F429AB758308BF300E;
			remoteInfo = Sanvya;
		};
/* End PBXContainerItemProxy section */

/* Begin PBXFileReference section */
		062CBEBDAC65EC3CA9881DBD /* TransactionsView.swift */ = {isa = PBXFileReference; lastKnownFileType = sourcecode.swift; path = TransactionsView.swift; sourceTree = "<group>"; };
		067BB86E9951547F48988754 /* AccountsViewModel.swift */ = {isa = PBXFileReference; lastKnownFileType = sourcecode.swift; path = AccountsViewModel.swift; sourceTree = "<group>"; };
		06FA4324A0BBEBCC262285E9 /* PocketComponents.swift */ = {isa = PBXFileReference; lastKnownFileType = sourcecode.swift; path = PocketComponents.swift; sourceTree = "<group>"; };
		17DDFE33B2A588AC0FDBB1C9 /* ReceiptScanView.swift */ = {isa = PBXFileReference; lastKnownFileType = sourcecode.swift; path = ReceiptScanView.swift; sourceTree = "<group>"; };
		18224B5D20B900B074B57D8B /* DashboardView.swift */ = {isa = PBXFileReference; lastKnownFileType = sourcecode.swift; path = DashboardView.swift; sourceTree = "<group>"; };
		18CB0D6157DA1B9D29DC547C /* AssistantView.swift */ = {isa = PBXFileReference; lastKnownFileType = sourcecode.swift; path = AssistantView.swift; sourceTree = "<group>"; };
		2007CD601C653012EF90181D /* LoginView.swift */ = {isa = PBXFileReference; lastKnownFileType = sourcecode.swift; path = LoginView.swift; sourceTree = "<group>"; };
		2B9AAA266E26DEE783779B7B /* PayViaUpiSheet.swift */ = {isa = PBXFileReference; lastKnownFileType = sourcecode.swift; path = PayViaUpiSheet.swift; sourceTree = "<group>"; };
		30870828D51BB1351454B58B /* CreateAccountView.swift */ = {isa = PBXFileReference; lastKnownFileType = sourcecode.swift; path = CreateAccountView.swift; sourceTree = "<group>"; };
		30A8AFFD11475A29D19612ED /* Theme.swift */ = {isa = PBXFileReference; lastKnownFileType = sourcecode.swift; path = Theme.swift; sourceTree = "<group>"; };
		3798E16CDCFD2A7C67011126 /* InvestmentsViewModel.swift */ = {isa = PBXFileReference; lastKnownFileType = sourcecode.swift; path = InvestmentsViewModel.swift; sourceTree = "<group>"; };
		3925D6D56F247855D435CD0C /* InsightsViewModel.swift */ = {isa = PBXFileReference; lastKnownFileType = sourcecode.swift; path = InsightsViewModel.swift; sourceTree = "<group>"; };
		3A7ABCF45BDF727E39BB20EF /* SanvyaTests.xctest */ = {isa = PBXFileReference; includeInIndex = 0; lastKnownFileType = wrapper.cfbundle; path = SanvyaTests.xctest; sourceTree = BUILT_PRODUCTS_DIR; };
		4FEB87EED1AD674B697784C4 /* MainTabView.swift */ = {isa = PBXFileReference; lastKnownFileType = sourcecode.swift; path = MainTabView.swift; sourceTree = "<group>"; };
		5612F1855C5F2C61D673572A /* AccountsView.swift */ = {isa = PBXFileReference; lastKnownFileType = sourcecode.swift; path = AccountsView.swift; sourceTree = "<group>"; };
		56BA249AF961BB8473C040E1 /* StatementImportView.swift */ = {isa = PBXFileReference; lastKnownFileType = sourcecode.swift; path = StatementImportView.swift; sourceTree = "<group>"; };
		5EE73731F43CF8294191BB96 /* BudgetsViewModel.swift */ = {isa = PBXFileReference; lastKnownFileType = sourcecode.swift; path = BudgetsViewModel.swift; sourceTree = "<group>"; };
		63B3A56DD3C10BC02363E7CB /* AuthViewModel.swift */ = {isa = PBXFileReference; lastKnownFileType = sourcecode.swift; path = AuthViewModel.swift; sourceTree = "<group>"; };
		63B9A54B7924069305063F50 /* ContentView.swift */ = {isa = PBXFileReference; lastKnownFileType = sourcecode.swift; path = ContentView.swift; sourceTree = "<group>"; };
		6DE20186B791FFE18BA89E51 /* Data */ = {isa = PBXFileReference; lastKnownFileType = folder; path = Data; sourceTree = SOURCE_ROOT; };
		761309FD0C94D51552CF85E2 /* WalkthroughView.swift */ = {isa = PBXFileReference; lastKnownFileType = sourcecode.swift; path = WalkthroughView.swift; sourceTree = "<group>"; };
		79B2F762AF3408CD96CD08DA /* NavModels.swift */ = {isa = PBXFileReference; lastKnownFileType = sourcecode.swift; path = NavModels.swift; sourceTree = "<group>"; };
		7D892763C022D110A3FD72CC /* Sanvya.entitlements */ = {isa = PBXFileReference; lastKnownFileType = text.plist.entitlements; path = Sanvya.entitlements; sourceTree = "<group>"; };
		7ECBBB8B29E0FB71E5C6B2B7 /* LoansViewModel.swift */ = {isa = PBXFileReference; lastKnownFileType = sourcecode.swift; path = LoansViewModel.swift; sourceTree = "<group>"; };
		87C1A337B346253B7A08CAD2 /* CreateBudgetView.swift */ = {isa = PBXFileReference; lastKnownFileType = sourcecode.swift; path = CreateBudgetView.swift; sourceTree = "<group>"; };
		8BAEBEADA6F277F50CA3FFA9 /* CreateGoalView.swift */ = {isa = PBXFileReference; lastKnownFileType = sourcecode.swift; path = CreateGoalView.swift; sourceTree = "<group>"; };
		90BA57C3B649E1E876D3D892 /* GoalsViewModel.swift */ = {isa = PBXFileReference; lastKnownFileType = sourcecode.swift; path = GoalsViewModel.swift; sourceTree = "<group>"; };
		95C904EBD72A17B6A646D283 /* DrawerMenuView.swift */ = {isa = PBXFileReference; lastKnownFileType = sourcecode.swift; path = DrawerMenuView.swift; sourceTree = "<group>"; };
		97A0CCFF323017A4F6F251CB /* StatementsView.swift */ = {isa = PBXFileReference; lastKnownFileType = sourcecode.swift; path = StatementsView.swift; sourceTree = "<group>"; };
		9AF03F3005C2859DAC8D4803 /* CreditCardsView.swift */ = {isa = PBXFileReference; lastKnownFileType = sourcecode.swift; path = CreditCardsView.swift; sourceTree = "<group>"; };
		A76D85FFF529896EDB5EAE57 /* InvestmentsView.swift */ = {isa = PBXFileReference; lastKnownFileType = sourcecode.swift; path = InvestmentsView.swift; sourceTree = "<group>"; };
		044841749A5D243390B2ACA8 /* AddHoldingView.swift */ = {isa = PBXFileReference; lastKnownFileType = sourcecode.swift; path = AddHoldingView.swift; sourceTree = "<group>"; };
		B3E9F8A6320B3216BC615990 /* LoansView.swift */ = {isa = PBXFileReference; lastKnownFileType = sourcecode.swift; path = LoansView.swift; sourceTree = "<group>"; };
		B7B68564BB9C98C1EE594700 /* CreditCardsViewModel.swift */ = {isa = PBXFileReference; lastKnownFileType = sourcecode.swift; path = CreditCardsViewModel.swift; sourceTree = "<group>"; };
		B906CF274F8B2527E5F4A51A /* AppTests.swift */ = {isa = PBXFileReference; lastKnownFileType = sourcecode.swift; path = AppTests.swift; sourceTree = "<group>"; };
		BD8EF9B743B8A1096CFDA737 /* SplitsView.swift */ = {isa = PBXFileReference; lastKnownFileType = sourcecode.swift; path = SplitsView.swift; sourceTree = "<group>"; };
		C1DFE68F183F7A758ECA532C /* Domain */ = {isa = PBXFileReference; lastKnownFileType = folder; path = Domain; sourceTree = SOURCE_ROOT; };
		C7813DD3B4C0633E4D062C46 /* Assets.xcassets */ = {isa = PBXFileReference; lastKnownFileType = folder.assetcatalog; path = Assets.xcassets; sourceTree = "<group>"; };
		C91402E05D0AE54DC02C610E /* DashboardViewModel.swift */ = {isa = PBXFileReference; lastKnownFileType = sourcecode.swift; path = DashboardViewModel.swift; sourceTree = "<group>"; };
		C9D7AE1214A8F14892C18B14 /* InsightsView.swift */ = {isa = PBXFileReference; lastKnownFileType = sourcecode.swift; path = InsightsView.swift; sourceTree = "<group>"; };
		D2507A731807C3DE0BB2A96F /* SanvyaApp.swift */ = {isa = PBXFileReference; lastKnownFileType = sourcecode.swift; path = SanvyaApp.swift; sourceTree = "<group>"; };
		D297DDA0E17C04F845BDF20D /* TransactionsViewModel.swift */ = {isa = PBXFileReference; lastKnownFileType = sourcecode.swift; path = TransactionsViewModel.swift; sourceTree = "<group>"; };
		D78D8CF43707874261885A06 /* SettingsView.swift */ = {isa = PBXFileReference; lastKnownFileType = sourcecode.swift; path = SettingsView.swift; sourceTree = "<group>"; };
		DF8FE48C599A5D8A0D907D43 /* CreateTransactionView.swift */ = {isa = PBXFileReference; lastKnownFileType = sourcecode.swift; path = CreateTransactionView.swift; sourceTree = "<group>"; };
		E23B5B611431A99EE080D739 /* SplitsViewModel.swift */ = {isa = PBXFileReference; lastKnownFileType = sourcecode.swift; path = SplitsViewModel.swift; sourceTree = "<group>"; };
		E2647775D278840C9CFF765D /* Sanvya.app */ = {isa = PBXFileReference; explicitFileType = wrapper.application; includeInIndex = 0; path = Sanvya.app; sourceTree = BUILT_PRODUCTS_DIR; };
		E37DD678765D9BB5AFF503CA /* AppModule.swift */ = {isa = PBXFileReference; lastKnownFileType = sourcecode.swift; path = AppModule.swift; sourceTree = "<group>"; };
		ED0D59D3F7F09392C52ECBCC /* CreateGroupView.swift */ = {isa = PBXFileReference; lastKnownFileType = sourcecode.swift; path = CreateGroupView.swift; sourceTree = "<group>"; };
		EF72024A2E1298FD8A2DC9F5 /* GoalsView.swift */ = {isa = PBXFileReference; lastKnownFileType = sourcecode.swift; path = GoalsView.swift; sourceTree = "<group>"; };
		F51A1356F73B430AF93D5037 /* PlaceholderViews.swift */ = {isa = PBXFileReference; lastKnownFileType = sourcecode.swift; path = PlaceholderViews.swift; sourceTree = "<group>"; };
		F63B6C7C220E22D088E42229 /* BudgetsView.swift */ = {isa = PBXFileReference; lastKnownFileType = sourcecode.swift; path = BudgetsView.swift; sourceTree = "<group>"; };
		9E2ACF1D4DF98E48DE1A5DD1 /* AccountColors.swift */ = {isa = PBXFileReference; lastKnownFileType = sourcecode.swift; path = AccountColors.swift; sourceTree = "<group>"; };
		AE1F6B1E170607B6E7C6BF9F /* AccountFormComponents.swift */ = {isa = PBXFileReference; lastKnownFileType = sourcecode.swift; path = AccountFormComponents.swift; sourceTree = "<group>"; };
		ADFE473B99F740B1E93E0080 /* AppDelegate.swift */ = {isa = PBXFileReference; lastKnownFileType = sourcecode.swift; path = AppDelegate.swift; sourceTree = "<group>"; };
		9B5948EF4210BBA10FC6D733 /* EditAccountView.swift */ = {isa = PBXFileReference; lastKnownFileType = sourcecode.swift; path = EditAccountView.swift; sourceTree = "<group>"; };
		924E79E700998A20CB08B376 /* EditTransactionView.swift */ = {isa = PBXFileReference; lastKnownFileType = sourcecode.swift; path = EditTransactionView.swift; sourceTree = "<group>"; };
		4AC74757DE964A01BA3A7153 /* TransactionFormComponents.swift */ = {isa = PBXFileReference; lastKnownFileType = sourcecode.swift; path = TransactionFormComponents.swift; sourceTree = "<group>"; };
		AB1E30B6D68F193D212BA468 /* TransactionTileLogic.swift */ = {isa = PBXFileReference; lastKnownFileType = sourcecode.swift; path = TransactionTileLogic.swift; sourceTree = "<group>"; };
		D7C7DE5147E3E96E0FD7F185 /* EditBudgetView.swift */ = {isa = PBXFileReference; lastKnownFileType = sourcecode.swift; path = EditBudgetView.swift; sourceTree = "<group>"; };
		506D6E8D4AD3660DAA95A8E3 /* EditGoalView.swift */ = {isa = PBXFileReference; lastKnownFileType = sourcecode.swift; path = EditGoalView.swift; sourceTree = "<group>"; };
		76D1AE06611EC9B61087AE0F /* AllocateGoalView.swift */ = {isa = PBXFileReference; lastKnownFileType = sourcecode.swift; path = AllocateGoalView.swift; sourceTree = "<group>"; };
/* End PBXFileReference section */

/* Begin PBXFrameworksBuildPhase section */
		996D82CB44CF43123D0EF478 /* Frameworks */ = {
			isa = PBXFrameworksBuildPhase;
			buildActionMask = 2147483647;
			files = (
				9CD5DB1010504C904AC2D74D /* Domain in Frameworks */,
				86859E224E519736828E4923 /* Data in Frameworks */,
				DABE396F86C623EE4D5FB07D /* Factory in Frameworks */,
			);
			runOnlyForDeploymentPostprocessing = 0;
		};
		AE9C9625CC82199A96D383A4 /* Frameworks */ = {
			isa = PBXFrameworksBuildPhase;
			buildActionMask = 2147483647;
			files = (
				FB224FFA5BD16B304B1B1D9A /* Domain in Frameworks */,
			);
			runOnlyForDeploymentPostprocessing = 0;
		};
/* End PBXFrameworksBuildPhase section */

/* Begin PBXGroup section */
		05E2CCCC9A0D9BA52632BA04 /* ViewModels */ = {
			isa = PBXGroup;
			children = (
				067BB86E9951547F48988754 /* AccountsViewModel.swift */,
				5EE73731F43CF8294191BB96 /* BudgetsViewModel.swift */,
				B7B68564BB9C98C1EE594700 /* CreditCardsViewModel.swift */,
				C91402E05D0AE54DC02C610E /* DashboardViewModel.swift */,
				90BA57C3B649E1E876D3D892 /* GoalsViewModel.swift */,
				3925D6D56F247855D435CD0C /* InsightsViewModel.swift */,
				3798E16CDCFD2A7C67011126 /* InvestmentsViewModel.swift */,
				7ECBBB8B29E0FB71E5C6B2B7 /* LoansViewModel.swift */,
				E23B5B611431A99EE080D739 /* SplitsViewModel.swift */,
				D297DDA0E17C04F845BDF20D /* TransactionsViewModel.swift */,
			);
			path = ViewModels;
			sourceTree = "<group>";
		};
		07C9642A582FC7805C1DED71 /* Packages */ = {
			isa = PBXGroup;
			children = (
				6DE20186B791FFE18BA89E51 /* Data */,
				C1DFE68F183F7A758ECA532C /* Domain */,
			);
			name = Packages;
			sourceTree = "<group>";
		};
		7D97C6BD01D75231B11490C6 /* AppTests */ = {
			isa = PBXGroup;
			children = (
				B906CF274F8B2527E5F4A51A /* AppTests.swift */,
			);
			path = AppTests;
			sourceTree = "<group>";
		};
		87CF4B687D6C3F81B75175B0 /* App */ = {
			isa = PBXGroup;
			children = (
				9E2ACF1D4DF98E48DE1A5DD1 /* AccountColors.swift */,
				AE1F6B1E170607B6E7C6BF9F /* AccountFormComponents.swift */,
				5612F1855C5F2C61D673572A /* AccountsView.swift */,
				ADFE473B99F740B1E93E0080 /* AppDelegate.swift */,
				C7813DD3B4C0633E4D062C46 /* Assets.xcassets */,
				18CB0D6157DA1B9D29DC547C /* AssistantView.swift */,
				F63B6C7C220E22D088E42229 /* BudgetsView.swift */,
				63B9A54B7924069305063F50 /* ContentView.swift */,
				30870828D51BB1351454B58B /* CreateAccountView.swift */,
				87C1A337B346253B7A08CAD2 /* CreateBudgetView.swift */,
				8BAEBEADA6F277F50CA3FFA9 /* CreateGoalView.swift */,
				ED0D59D3F7F09392C52ECBCC /* CreateGroupView.swift */,
				DF8FE48C599A5D8A0D907D43 /* CreateTransactionView.swift */,
				9AF03F3005C2859DAC8D4803 /* CreditCardsView.swift */,
				18224B5D20B900B074B57D8B /* DashboardView.swift */,
				95C904EBD72A17B6A646D283 /* DrawerMenuView.swift */,
				9B5948EF4210BBA10FC6D733 /* EditAccountView.swift */,
				D7C7DE5147E3E96E0FD7F185 /* EditBudgetView.swift */,
				506D6E8D4AD3660DAA95A8E3 /* EditGoalView.swift */,
				76D1AE06611EC9B61087AE0F /* AllocateGoalView.swift */,
				924E79E700998A20CB08B376 /* EditTransactionView.swift */,
				EF72024A2E1298FD8A2DC9F5 /* GoalsView.swift */,
				C9D7AE1214A8F14892C18B14 /* InsightsView.swift */,
				A76D85FFF529896EDB5EAE57 /* InvestmentsView.swift */,
				044841749A5D243390B2ACA8 /* AddHoldingView.swift */,
				B3E9F8A6320B3216BC615990 /* LoansView.swift */,
				2007CD601C653012EF90181D /* LoginView.swift */,
				4FEB87EED1AD674B697784C4 /* MainTabView.swift */,
				79B2F762AF3408CD96CD08DA /* NavModels.swift */,
				2B9AAA266E26DEE783779B7B /* PayViaUpiSheet.swift */,
				F51A1356F73B430AF93D5037 /* PlaceholderViews.swift */,
				17DDFE33B2A588AC0FDBB1C9 /* ReceiptScanView.swift */,
				7D892763C022D110A3FD72CC /* Sanvya.entitlements */,
				D2507A731807C3DE0BB2A96F /* SanvyaApp.swift */,
				D78D8CF43707874261885A06 /* SettingsView.swift */,
				BD8EF9B743B8A1096CFDA737 /* SplitsView.swift */,
				56BA249AF961BB8473C040E1 /* StatementImportView.swift */,
				97A0CCFF323017A4F6F251CB /* StatementsView.swift */,
				30A8AFFD11475A29D19612ED /* Theme.swift */,
				4AC74757DE964A01BA3A7153 /* TransactionFormComponents.swift */,
				AB1E30B6D68F193D212BA468 /* TransactionTileLogic.swift */,
				062CBEBDAC65EC3CA9881DBD /* TransactionsView.swift */,
				761309FD0C94D51552CF85E2 /* WalkthroughView.swift */,
				94D30FAA32665CCCB9B4DAC4 /* Auth */,
				C77BDAF3B0F3925CA9F149BC /* Components */,
				91D53A5495FE852C6C234BB3 /* DI */,
				05E2CCCC9A0D9BA52632BA04 /* ViewModels */,
			);
			path = App;
			sourceTree = "<group>";
		};
		91D53A5495FE852C6C234BB3 /* DI */ = {
			isa = PBXGroup;
			children = (
				E37DD678765D9BB5AFF503CA /* AppModule.swift */,
			);
			path = DI;
			sourceTree = "<group>";
		};
		94D30FAA32665CCCB9B4DAC4 /* Auth */ = {
			isa = PBXGroup;
			children = (
				63B3A56DD3C10BC02363E7CB /* AuthViewModel.swift */,
			);
			path = Auth;
			sourceTree = "<group>";
		};
		C77BDAF3B0F3925CA9F149BC /* Components */ = {
			isa = PBXGroup;
			children = (
				06FA4324A0BBEBCC262285E9 /* PocketComponents.swift */,
			);
			path = Components;
			sourceTree = "<group>";
		};
		E586EB677DA44C085DC87B82 = {
			isa = PBXGroup;
			children = (
				87CF4B687D6C3F81B75175B0 /* App */,
				7D97C6BD01D75231B11490C6 /* AppTests */,
				07C9642A582FC7805C1DED71 /* Packages */,
				FC85A8B472EB5D1AEB5DB0BC /* Products */,
			);
			sourceTree = "<group>";
		};
		FC85A8B472EB5D1AEB5DB0BC /* Products */ = {
			isa = PBXGroup;
			children = (
				E2647775D278840C9CFF765D /* Sanvya.app */,
				3A7ABCF45BDF727E39BB20EF /* SanvyaTests.xctest */,
			);
			name = Products;
			sourceTree = "<group>";
		};
/* End PBXGroup section */

/* Begin PBXNativeTarget section */
		16A042F429AB758308BF300E /* Sanvya */ = {
			isa = PBXNativeTarget;
			buildConfigurationList = C78CB17F55122A2F4C1E56D9 /* Build configuration list for PBXNativeTarget "Sanvya" */;
			buildPhases = (
				FBBEEBBAE3491B731BAE7A0E /* Sources */,
				D4F4EBCE439EDAB171446558 /* Resources */,
				996D82CB44CF43123D0EF478 /* Frameworks */,
			);
			buildRules = (
			);
			dependencies = (
			);
			name = Sanvya;
			packageProductDependencies = (
				CE17BFC806BF2E37894779BA /* Domain */,
				44164709C727F8A49D1C5D14 /* Data */,
				01A4726DC5F8D4D919E57891 /* Factory */,
			);
			productName = Sanvya;
			productReference = E2647775D278840C9CFF765D /* Sanvya.app */;
			productType = "com.apple.product-type.application";
		};
		9B49B443D7AB04263161BA1E /* SanvyaTests */ = {
			isa = PBXNativeTarget;
			buildConfigurationList = EDCB33E5B7935EEC0A5CC461 /* Build configuration list for PBXNativeTarget "SanvyaTests" */;
			buildPhases = (
				8294ACD9D26AA26CE54FDBC0 /* Sources */,
				AE9C9625CC82199A96D383A4 /* Frameworks */,
			);
			buildRules = (
			);
			dependencies = (
				B46D2846D6F792C7946037C5 /* PBXTargetDependency */,
			);
			name = SanvyaTests;
			packageProductDependencies = (
				9138ACF8BE54F9A6FC35B148 /* Domain */,
			);
			productName = SanvyaTests;
			productReference = 3A7ABCF45BDF727E39BB20EF /* SanvyaTests.xctest */;
			productType = "com.apple.product-type.bundle.unit-test";
		};
/* End PBXNativeTarget section */

/* Begin PBXProject section */
		FEE1787512FC170DB535D354 /* Project object */ = {
			isa = PBXProject;
			attributes = {
				BuildIndependentTargetsInParallel = YES;
				LastUpgradeCheck = 1430;
			};
			buildConfigurationList = 4FDE9B071785128443CE1F21 /* Build configuration list for PBXProject "Sanvya" */;
			developmentRegion = en;
			hasScannedForEncodings = 0;
			knownRegions = (
				Base,
				en,
			);
			mainGroup = E586EB677DA44C085DC87B82;
			minimizedProjectReferenceProxies = 1;
			packageReferences = (
				DE0A74AF3B6DD4756294A6C4 /* XCRemoteSwiftPackageReference "Factory" */,
				1E73EE12AE95F791B68DB69B /* XCLocalSwiftPackageReference "Data" */,
				705A57E41C991572CFDA73F3 /* XCLocalSwiftPackageReference "Domain" */,
			);
			preferredProjectObjectVersion = 77;
			productRefGroup = FC85A8B472EB5D1AEB5DB0BC /* Products */;
			projectDirPath = "";
			projectRoot = "";
			targets = (
				16A042F429AB758308BF300E /* Sanvya */,
				9B49B443D7AB04263161BA1E /* SanvyaTests */,
			);
		};
/* End PBXProject section */

/* Begin PBXResourcesBuildPhase section */
		D4F4EBCE439EDAB171446558 /* Resources */ = {
			isa = PBXResourcesBuildPhase;
			buildActionMask = 2147483647;
			files = (
				B53161FC6FFDF4D4E2EA74E3 /* Assets.xcassets in Resources */,
			);
			runOnlyForDeploymentPostprocessing = 0;
		};
/* End PBXResourcesBuildPhase section */

/* Begin PBXSourcesBuildPhase section */
		8294ACD9D26AA26CE54FDBC0 /* Sources */ = {
			isa = PBXSourcesBuildPhase;
			buildActionMask = 2147483647;
			files = (
				A76E503A6CD81070F114F655 /* AppTests.swift in Sources */,
			);
			runOnlyForDeploymentPostprocessing = 0;
		};
		FBBEEBBAE3491B731BAE7A0E /* Sources */ = {
			isa = PBXSourcesBuildPhase;
			buildActionMask = 2147483647;
			files = (
				109A9899ABCA65A8307D0D37 /* AccountColors.swift in Sources */,
				B30D0AB1106A1FA2AE9C4EBF /* AccountFormComponents.swift in Sources */,
				ED6ED1E0046074BFAD582A97 /* AccountsView.swift in Sources */,
				C5653C5AA20568A6DF5C4ACC /* AccountsViewModel.swift in Sources */,
				57C3C5B7561313E566F3C57F /* AppDelegate.swift in Sources */,
				A7A15245AD2081AAF09B2B41 /* AppModule.swift in Sources */,
				D3078D7F87CCDDA82588D828 /* AssistantView.swift in Sources */,
				13008AE6CEDEC4B9E144A104 /* AuthViewModel.swift in Sources */,
				57DF778718C309BC2737ED0F /* BudgetsView.swift in Sources */,
				DF5C8B315FADB872E842E22F /* BudgetsViewModel.swift in Sources */,
				D115AE697C58F56401CAEB05 /* ContentView.swift in Sources */,
				B77ED67E4770B381E78C89AF /* CreateAccountView.swift in Sources */,
				E8950435C01E999B46AEDB5C /* CreateBudgetView.swift in Sources */,
				83AB598D70571985AD65F5BA /* CreateGoalView.swift in Sources */,
				7115065DCB56CCB54B9A194C /* CreateGroupView.swift in Sources */,
				2FD62F80C032B8D3D48252BF /* CreateTransactionView.swift in Sources */,
				7CDA131334CBFA7388A583BF /* CreditCardsView.swift in Sources */,
				4C9FB3E27B300B811C937824 /* CreditCardsViewModel.swift in Sources */,
				7C622C0387F11D5EABDFE285 /* DashboardView.swift in Sources */,
				53D282CA93AE2D750025C47B /* DashboardViewModel.swift in Sources */,
				7FAF2FEE09CB2B07A67F6A63 /* DrawerMenuView.swift in Sources */,
				BD58672692694F0CF9E51C30 /* EditAccountView.swift in Sources */,
				3D43536547B03F6DE7C2491D /* EditBudgetView.swift in Sources */,
				A302D6D8D2A10439B1885A72 /* EditGoalView.swift in Sources */,
				3D4DC81333420B84D3C2AFC4 /* AllocateGoalView.swift in Sources */,
				49D543415A1A173FDD83E97F /* EditTransactionView.swift in Sources */,
				6DDDC54822A1B201DBB69FFA /* GoalsView.swift in Sources */,
				93807D6AD8D4878E1E56A0DE /* GoalsViewModel.swift in Sources */,
				CF6AAF8ED5331C186F37F61C /* InsightsView.swift in Sources */,
				6112034FAFE5904EA5115520 /* InsightsViewModel.swift in Sources */,
				9F5482EBFE2794C08BCB6F62 /* InvestmentsView.swift in Sources */,
				266E95C5981990EA5EAABDFB /* AddHoldingView.swift in Sources */,
				30D5CDDB1869D8FDF140F80B /* InvestmentsViewModel.swift in Sources */,
				D9BDBB714DE26C5F90685BFC /* LoansView.swift in Sources */,
				9159B4204F2293A06349F22A /* LoansViewModel.swift in Sources */,
				125EF445DFE578514E91705D /* LoginView.swift in Sources */,
				A21C0BABF7B08BF4B5D50E12 /* MainTabView.swift in Sources */,
				3B2866B4A6AA1A8D848ABF3C /* NavModels.swift in Sources */,
				5AAF2A31723A4D5E740B85A4 /* PayViaUpiSheet.swift in Sources */,
				495FC9FCA04C07EB4DA26D53 /* PlaceholderViews.swift in Sources */,
				85521EB94D4AF08AE8E7E970 /* PocketComponents.swift in Sources */,
				6F2F5498BC3A3D21938CDA49 /* ReceiptScanView.swift in Sources */,
				378622C3623360E02566D446 /* SanvyaApp.swift in Sources */,
				AA252E44D54F7A8E67DBF8D4 /* SettingsView.swift in Sources */,
				30A8FAC342D14F487FDF4356 /* SplitsView.swift in Sources */,
				98549E3078EBFD48B40180A3 /* SplitsViewModel.swift in Sources */,
				DE33ABA60A8190121A6000FF /* StatementImportView.swift in Sources */,
				9A6CB3340B4E846655B0FFF5 /* StatementsView.swift in Sources */,
				92C8CD9106A12A0A58828E86 /* Theme.swift in Sources */,
				0A3DB1A473A5D731EEEF94F8 /* TransactionFormComponents.swift in Sources */,
				8E24F6FDF998742BB321A30D /* TransactionTileLogic.swift in Sources */,
				BC087C8C0F95352DF38B9DB1 /* TransactionsView.swift in Sources */,
				8B74B3345CDA5FCA46E3BE18 /* TransactionsViewModel.swift in Sources */,
				EB8F49FF946E92A9F09E176A /* WalkthroughView.swift in Sources */,
			);
			runOnlyForDeploymentPostprocessing = 0;
		};
/* End PBXSourcesBuildPhase section */

/* Begin PBXTargetDependency section */
		B46D2846D6F792C7946037C5 /* PBXTargetDependency */ = {
			isa = PBXTargetDependency;
			target = 16A042F429AB758308BF300E /* Sanvya */;
			targetProxy = 2331710DF9A06C52F903BCFC /* PBXContainerItemProxy */;
		};
/* End PBXTargetDependency section */

/* Begin XCBuildConfiguration section */
		161E936A687108F0389C0DF5 /* Release */ = {
			isa = XCBuildConfiguration;
			buildSettings = {
				ALWAYS_SEARCH_USER_PATHS = NO;
				CLANG_ANALYZER_NONNULL = YES;
				CLANG_ANALYZER_NUMBER_OBJECT_CONVERSION = YES_AGGRESSIVE;
				CLANG_CXX_LANGUAGE_STANDARD = "gnu++14";
				CLANG_CXX_LIBRARY = "libc++";
				CLANG_ENABLE_MODULES = YES;
				CLANG_ENABLE_OBJC_ARC = YES;
				CLANG_ENABLE_OBJC_WEAK = YES;
				CLANG_WARN_BLOCK_CAPTURE_AUTORELEASING = YES;
				CLANG_WARN_BOOL_CONVERSION = YES;
				CLANG_WARN_COMMA = YES;
				CLANG_WARN_CONSTANT_CONVERSION = YES;
				CLANG_WARN_DEPRECATED_OBJC_IMPLEMENTATIONS = YES;
				CLANG_WARN_DIRECT_OBJC_ISA_USAGE = YES_ERROR;
				CLANG_WARN_DOCUMENTATION_COMMENTS = YES;
				CLANG_WARN_EMPTY_BODY = YES;
				CLANG_WARN_ENUM_CONVERSION = YES;
				CLANG_WARN_INFINITE_RECURSION = YES;
				CLANG_WARN_INT_CONVERSION = YES;
				CLANG_WARN_NON_LITERAL_NULL_CONVERSION = YES;
				CLANG_WARN_OBJC_IMPLICIT_RETAIN_SELF = YES;
				CLANG_WARN_OBJC_LITERAL_CONVERSION = YES;
				CLANG_WARN_OBJC_ROOT_CLASS = YES_ERROR;
				CLANG_WARN_QUOTED_INCLUDE_IN_FRAMEWORK_HEADER = YES;
				CLANG_WARN_RANGE_LOOP_ANALYSIS = YES;
				CLANG_WARN_STRICT_PROTOTYPES = YES;
				CLANG_WARN_SUSPICIOUS_MOVE = YES;
				CLANG_WARN_UNGUARDED_AVAILABILITY = YES_AGGRESSIVE;
				CLANG_WARN_UNREACHABLE_CODE = YES;
				CLANG_WARN__DUPLICATE_METHOD_MATCH = YES;
				COPY_PHASE_STRIP = NO;
				DEBUG_INFORMATION_FORMAT = "dwarf-with-dsym";
				ENABLE_NS_ASSERTIONS = NO;
				ENABLE_STRICT_OBJC_MSGSEND = YES;
				GCC_C_LANGUAGE_STANDARD = gnu11;
				GCC_NO_COMMON_BLOCKS = YES;
				GCC_WARN_64_TO_32_BIT_CONVERSION = YES;
				GCC_WARN_ABOUT_RETURN_TYPE = YES_ERROR;
				GCC_WARN_UNDECLARED_SELECTOR = YES;
				GCC_WARN_UNINITIALIZED_AUTOS = YES_AGGRESSIVE;
				GCC_WARN_UNUSED_FUNCTION = YES;
				GCC_WARN_UNUSED_VARIABLE = YES;
				IPHONEOS_DEPLOYMENT_TARGET = 17.0;
				MTL_ENABLE_DEBUG_INFO = NO;
				MTL_FAST_MATH = YES;
				PRODUCT_NAME = "$(TARGET_NAME)";
				SDKROOT = iphoneos;
				SWIFT_COMPILATION_MODE = wholemodule;
				SWIFT_OPTIMIZATION_LEVEL = "-O";
				SWIFT_VERSION = 5.0;
			};
			name = Release;
		};
		58DBF1B3B1780C1954C9E0E5 /* Release */ = {
			isa = XCBuildConfiguration;
			buildSettings = {
				BUNDLE_LOADER = "$(TEST_HOST)";
				GENERATE_INFOPLIST_FILE = YES;
				LD_RUNPATH_SEARCH_PATHS = (
					"$(inherited)",
					"@executable_path/Frameworks",
					"@loader_path/Frameworks",
				);
				PRODUCT_BUNDLE_IDENTIFIER = care.pocket.SanvyaTests;
				SDKROOT = iphoneos;
				TARGETED_DEVICE_FAMILY = "1,2";
				TEST_HOST = "$(BUILT_PRODUCTS_DIR)/Sanvya.app/Sanvya";
			};
			name = Release;
		};
		59D363F075FCD881276A2DA1 /* Debug */ = {
			isa = XCBuildConfiguration;
			buildSettings = {
				ALWAYS_SEARCH_USER_PATHS = NO;
				CLANG_ANALYZER_NONNULL = YES;
				CLANG_ANALYZER_NUMBER_OBJECT_CONVERSION = YES_AGGRESSIVE;
				CLANG_CXX_LANGUAGE_STANDARD = "gnu++14";
				CLANG_CXX_LIBRARY = "libc++";
				CLANG_ENABLE_MODULES = YES;
				CLANG_ENABLE_OBJC_ARC = YES;
				CLANG_ENABLE_OBJC_WEAK = YES;
				CLANG_WARN_BLOCK_CAPTURE_AUTORELEASING = YES;
				CLANG_WARN_BOOL_CONVERSION = YES;
				CLANG_WARN_COMMA = YES;
				CLANG_WARN_CONSTANT_CONVERSION = YES;
				CLANG_WARN_DEPRECATED_OBJC_IMPLEMENTATIONS = YES;
				CLANG_WARN_DIRECT_OBJC_ISA_USAGE = YES_ERROR;
				CLANG_WARN_DOCUMENTATION_COMMENTS = YES;
				CLANG_WARN_EMPTY_BODY = YES;
				CLANG_WARN_ENUM_CONVERSION = YES;
				CLANG_WARN_INFINITE_RECURSION = YES;
				CLANG_WARN_INT_CONVERSION = YES;
				CLANG_WARN_NON_LITERAL_NULL_CONVERSION = YES;
				CLANG_WARN_OBJC_IMPLICIT_RETAIN_SELF = YES;
				CLANG_WARN_OBJC_LITERAL_CONVERSION = YES;
				CLANG_WARN_OBJC_ROOT_CLASS = YES_ERROR;
				CLANG_WARN_QUOTED_INCLUDE_IN_FRAMEWORK_HEADER = YES;
				CLANG_WARN_RANGE_LOOP_ANALYSIS = YES;
				CLANG_WARN_STRICT_PROTOTYPES = YES;
				CLANG_WARN_SUSPICIOUS_MOVE = YES;
				CLANG_WARN_UNGUARDED_AVAILABILITY = YES_AGGRESSIVE;
				CLANG_WARN_UNREACHABLE_CODE = YES;
				CLANG_WARN__DUPLICATE_METHOD_MATCH = YES;
				COPY_PHASE_STRIP = NO;
				DEBUG_INFORMATION_FORMAT = dwarf;
				ENABLE_STRICT_OBJC_MSGSEND = YES;
				ENABLE_TESTABILITY = YES;
				GCC_C_LANGUAGE_STANDARD = gnu11;
				GCC_DYNAMIC_NO_PIC = NO;
				GCC_NO_COMMON_BLOCKS = YES;
				GCC_OPTIMIZATION_LEVEL = 0;
				GCC_PREPROCESSOR_DEFINITIONS = (
					"$(inherited)",
					"DEBUG=1",
				);
				GCC_WARN_64_TO_32_BIT_CONVERSION = YES;
				GCC_WARN_ABOUT_RETURN_TYPE = YES_ERROR;
				GCC_WARN_UNDECLARED_SELECTOR = YES;
				GCC_WARN_UNINITIALIZED_AUTOS = YES_AGGRESSIVE;
				GCC_WARN_UNUSED_FUNCTION = YES;
				GCC_WARN_UNUSED_VARIABLE = YES;
				IPHONEOS_DEPLOYMENT_TARGET = 17.0;
				MTL_ENABLE_DEBUG_INFO = INCLUDE_SOURCE;
				MTL_FAST_MATH = YES;
				ONLY_ACTIVE_ARCH = YES;
				PRODUCT_NAME = "$(TARGET_NAME)";
				SDKROOT = iphoneos;
				SWIFT_ACTIVE_COMPILATION_CONDITIONS = DEBUG;
				SWIFT_OPTIMIZATION_LEVEL = "-Onone";
				SWIFT_VERSION = 5.0;
			};
			name = Debug;
		};
		A5F6CD61FE7630EB312D9D86 /* Release */ = {
			isa = XCBuildConfiguration;
			buildSettings = {
				ASSETCATALOG_COMPILER_APPICON_NAME = AppIcon;
				CODE_SIGN_ENTITLEMENTS = App/Sanvya.entitlements;
				CODE_SIGN_IDENTITY = "iPhone Developer";
				CURRENT_PROJECT_VERSION = 1;
				DEVELOPMENT_TEAM = 3853484T8N;
				INFOPLIST_FILE = "Generated/Sanvya-Info.plist";
				LD_RUNPATH_SEARCH_PATHS = (
					"$(inherited)",
					"@executable_path/Frameworks",
				);
				MARKETING_VERSION = 0.0.1;
				PRODUCT_BUNDLE_IDENTIFIER = com.sanvya.app;
				SDKROOT = iphoneos;
				SWIFT_VERSION = 6;
				TARGETED_DEVICE_FAMILY = "1,2";
			};
			name = Release;
		};
		EE16D5426DB2FB5A958948DF /* Debug */ = {
			isa = XCBuildConfiguration;
			buildSettings = {
				ASSETCATALOG_COMPILER_APPICON_NAME = AppIcon;
				CODE_SIGN_ENTITLEMENTS = App/Sanvya.entitlements;
				CODE_SIGN_IDENTITY = "iPhone Developer";
				CURRENT_PROJECT_VERSION = 1;
				DEVELOPMENT_TEAM = 3853484T8N;
				INFOPLIST_FILE = "Generated/Sanvya-Info.plist";
				LD_RUNPATH_SEARCH_PATHS = (
					"$(inherited)",
					"@executable_path/Frameworks",
				);
				MARKETING_VERSION = 0.0.1;
				PRODUCT_BUNDLE_IDENTIFIER = com.sanvya.app;
				SDKROOT = iphoneos;
				SWIFT_VERSION = 6;
				TARGETED_DEVICE_FAMILY = "1,2";
			};
			name = Debug;
		};
		EF3C3B1D30C8A5D120895860 /* Debug */ = {
			isa = XCBuildConfiguration;
			buildSettings = {
				BUNDLE_LOADER = "$(TEST_HOST)";
				GENERATE_INFOPLIST_FILE = YES;
				LD_RUNPATH_SEARCH_PATHS = (
					"$(inherited)",
					"@executable_path/Frameworks",
					"@loader_path/Frameworks",
				);
				PRODUCT_BUNDLE_IDENTIFIER = care.pocket.SanvyaTests;
				SDKROOT = iphoneos;
				TARGETED_DEVICE_FAMILY = "1,2";
				TEST_HOST = "$(BUILT_PRODUCTS_DIR)/Sanvya.app/Sanvya";
			};
			name = Debug;
		};
/* End XCBuildConfiguration section */

/* Begin XCConfigurationList section */
		4FDE9B071785128443CE1F21 /* Build configuration list for PBXProject "Sanvya" */ = {
			isa = XCConfigurationList;
			buildConfigurations = (
				59D363F075FCD881276A2DA1 /* Debug */,
				161E936A687108F0389C0DF5 /* Release */,
			);
			defaultConfigurationIsVisible = 0;
			defaultConfigurationName = Debug;
		};
		C78CB17F55122A2F4C1E56D9 /* Build configuration list for PBXNativeTarget "Sanvya" */ = {
			isa = XCConfigurationList;
			buildConfigurations = (
				EE16D5426DB2FB5A958948DF /* Debug */,
				A5F6CD61FE7630EB312D9D86 /* Release */,
			);
			defaultConfigurationIsVisible = 0;
			defaultConfigurationName = Debug;
		};
		EDCB33E5B7935EEC0A5CC461 /* Build configuration list for PBXNativeTarget "SanvyaTests" */ = {
			isa = XCConfigurationList;
			buildConfigurations = (
				EF3C3B1D30C8A5D120895860 /* Debug */,
				58DBF1B3B1780C1954C9E0E5 /* Release */,
			);
			defaultConfigurationIsVisible = 0;
			defaultConfigurationName = Debug;
		};
/* End XCConfigurationList section */

/* Begin XCLocalSwiftPackageReference section */
		1E73EE12AE95F791B68DB69B /* XCLocalSwiftPackageReference "Data" */ = {
			isa = XCLocalSwiftPackageReference;
			relativePath = Data;
		};
		705A57E41C991572CFDA73F3 /* XCLocalSwiftPackageReference "Domain" */ = {
			isa = XCLocalSwiftPackageReference;
			relativePath = Domain;
		};
/* End XCLocalSwiftPackageReference section */

/* Begin XCRemoteSwiftPackageReference section */
		DE0A74AF3B6DD4756294A6C4 /* XCRemoteSwiftPackageReference "Factory" */ = {
			isa = XCRemoteSwiftPackageReference;
			repositoryURL = "https://github.com/hmlongco/Factory";
			requirement = {
				kind = upToNextMajorVersion;
				minimumVersion = 2.3.2;
			};
		};
/* End XCRemoteSwiftPackageReference section */

/* Begin XCSwiftPackageProductDependency section */
		01A4726DC5F8D4D919E57891 /* Factory */ = {
			isa = XCSwiftPackageProductDependency;
			package = DE0A74AF3B6DD4756294A6C4 /* XCRemoteSwiftPackageReference "Factory" */;
			productName = Factory;
		};
		44164709C727F8A49D1C5D14 /* Data */ = {
			isa = XCSwiftPackageProductDependency;
			productName = Data;
		};
		9138ACF8BE54F9A6FC35B148 /* Domain */ = {
			isa = XCSwiftPackageProductDependency;
			productName = Domain;
		};
		CE17BFC806BF2E37894779BA /* Domain */ = {
			isa = XCSwiftPackageProductDependency;
			productName = Domain;
		};
/* End XCSwiftPackageProductDependency section */
	};
	rootObject = FEE1787512FC170DB535D354 /* Project object */;
}
